
Microsoft Visual Studio Solution File, Format Version 12.00
# Visual Studio Version 16
VisualStudioVersion = 16.0.30907.101
MinimumVisualStudioVersion = 10.0.40219.1
Project("{FAE04EC0-301F-11D3-BF4B-00C04F79EFBC}") = "StreamingRuntimePlugin.SpecFlowPlugin", "StreamingRuntimePlugin.SpecFlowPlugin\StreamingRuntimePlugin.SpecFlowPlugin.csproj", "{400E5654-3DEE-4A21-979A-AA8EFC663DFE}"
EndProject
Project("{FAE04EC0-301F-11D3-BF4B-00C04F79EFBC}") = "StreamingPlugin.TestProject", "StreamingPlugin.TestProject\StreamingPlugin.TestProject.csproj", "{17724016-6A29-46FD-A519-120EC26880D2}"
EndProject
Project("{FAE04EC0-301F-11D3-BF4B-00C04F79EFBC}") = "StreamingGeneratorPlugin.SpecFlowPlugin", "StreamingGeneratorPlugin.SpecFlowPlugin\StreamingGeneratorPlugin.SpecFlowPlugin.csproj", "{A3385FC6-207D-4295-9AA9-1D0D2D1991E1}"
EndProject
Global
	GlobalSection(SolutionConfigurationPlatforms) = preSolution
		Debug|Any CPU = Debug|Any CPU
		Release|Any CPU = Release|Any CPU
	EndGlobalSection
	GlobalSection(ProjectConfigurationPlatforms) = postSolution
		{400E5654-3DEE-4A21-979A-AA8EFC663DFE}.Debug|Any CPU.ActiveCfg = Debug|Any CPU
		{400E5654-3DEE-4A21-979A-AA8EFC663DFE}.Debug|Any CPU.Build.0 = Debug|Any CPU
		{400E5654-3DEE-4A21-979A-AA8EFC663DFE}.Release|Any CPU.ActiveCfg = Release|Any CPU
		{400E5654-3DEE-4A21-979A-AA8EFC663DFE}.Release|Any CPU.Build.0 = Release|Any CPU
		{17724016-6A29-46FD-A519-120EC26880D2}.Debug|Any CPU.ActiveCfg = Debug|Any CPU
		{17724016-6A29-46FD-A519-120EC26880D2}.Debug|Any CPU.Build.0 = Debug|Any CPU
		{17724016-6A29-46FD-A519-120EC26880D2}.Release|Any CPU.ActiveCfg = Release|Any CPU
		{17724016-6A29-46FD-A519-120EC26880D2}.Release|Any CPU.Build.0 = Release|Any CPU
		{A3385FC6-207D-4295-9AA9-1D0D2D1991E1}.Debug|Any CPU.ActiveCfg = Debug|Any CPU
		{A3385FC6-207D-4295-9AA9-1D0D2D1991E1}.Debug|Any CPU.Build.0 = Debug|Any CPU
		{A3385FC6-207D-4295-9AA9-1D0D2D1991E1}.Release|Any CPU.ActiveCfg = Release|Any CPU
		{A3385FC6-207D-4295-9AA9-1D0D2D1991E1}.Release|Any CPU.Build.0 = Release|Any CPU
	EndGlobalSection
	GlobalSection(SolutionProperties) = preSolution
		HideSolutionNode = FALSE
	EndGlobalSection
	GlobalSection(ExtensibilityGlobals) = postSolution
		SolutionGuid = {30BB6AFC-1DF0-4BA3-A517-28944C8846BF}
	EndGlobalSection
EndGlobal
